
Microsoft Visual Studio Solution File, Format Version 12.00
# Visual Studio Version 17
VisualStudioVersion = 17.10.35027.167
MinimumVisualStudioVersion = 10.0.40219.1
Project("{888888A0-9F3D-457C-B088-3A5042F75D52}") = "PFDSpeak", "PFDSpeak\PFDSpeak.pyproj", "{C877192A-E5DA-4653-948D-771C19FF3B3C}"
EndProject
Global
	GlobalSection(SolutionConfigurationPlatforms) = preSolution
		Debug|Any CPU = Debug|Any CPU
		Release|Any CPU = Release|Any CPU
	EndGlobalSection
	GlobalSection(ProjectConfigurationPlatforms) = postSolution
		{C877192A-E5DA-4653-948D-771C19FF3B3C}.Debug|Any CPU.ActiveCfg = Debug|Any CPU
		{C877192A-E5DA-4653-948D-771C19FF3B3C}.Release|Any CPU.ActiveCfg = Release|Any CPU
	EndGlobalSection
	GlobalSection(SolutionProperties) = preSolution
		HideSolutionNode = FALSE
	EndGlobalSection
	GlobalSection(ExtensibilityGlobals) = postSolution
		SolutionGuid = {81EB20F8-9E28-4627-8FD8-0C68D2583265}
	EndGlobalSection
EndGlobal
